Microsoft Visual Studio Solution File, Format Version 12.00
# Visual Studio Version 17
VisualStudioVersion = 17.5.2.0
MinimumVisualStudioVersion = 10.0.40219.1
Project("{FAE04EC0-301F-11D3-BF4B-00C04F79EFBC}") = "LogScreen", "LogScreen.csproj", "{FEA91663-7214-B722-A16E-B69FFDC74FA0}"
EndProject
Global
	GlobalSection(SolutionConfigurationPlatforms) = preSolution
		Debug|x64 = Debug|x64
		Release|x64 = Release|x64
	EndGlobalSection
	GlobalSection(ProjectConfigurationPlatforms) = postSolution
		{FEA91663-7214-B722-A16E-B69FFDC74FA0}.Debug|x64.ActiveCfg = Debug|x64
		{FEA91663-7214-B722-A16E-B69FFDC74FA0}.Debug|x64.Build.0 = Debug|x64
		{FEA91663-7214-B722-A16E-B69FFDC74FA0}.Release|x64.ActiveCfg = Release|x64
		{FEA91663-7214-B722-A16E-B69FFDC74FA0}.Release|x64.Build.0 = Release|x64
	EndGlobalSection
	GlobalSection(SolutionProperties) = preSolution
		HideSolutionNode = FALSE
	EndGlobalSection
	GlobalSection(ExtensibilityGlobals) = postSolution
		SolutionGuid = {D1307D22-2AF9-45AC-8AD5-05682A0DD191}
	EndGlobalSection
EndGlobal
